
Microsoft Visual Studio Solution File, Format Version 12.00
# Visual Studio Version 17
VisualStudioVersion = 17.4.33103.184
MinimumVisualStudioVersion = 10.0.40219.1
Project("{9A19103F-16F7-4668-BE54-9A1E7A4F7556}") = "PropertiesGeometricShapes", "PropertiesGeometricShapes\PropertiesGeometricShapes.csproj", "{A9B7D121-19FA-406F-8391-BBF741D047CF}"
EndProject
Project("{FAE04EC0-301F-11D3-BF4B-00C04F79EFBC}") = "PropGeometricShapesUI", "PropGeometricShapesUI\PropGeometricShapesUI.csproj", "{9FC7541B-DA0D-407A-9F9C-3D367DE53CBA}"
EndProject
Global
	GlobalSection(SolutionConfigurationPlatforms) = preSolution
		Debug|Any CPU = Debug|Any CPU
		Release|Any CPU = Release|Any CPU
	EndGlobalSection
	GlobalSection(ProjectConfigurationPlatforms) = postSolution
		{A9B7D121-19FA-406F-8391-BBF741D047CF}.Debug|Any CPU.ActiveCfg = Debug|Any CPU
		{A9B7D121-19FA-406F-8391-BBF741D047CF}.Debug|Any CPU.Build.0 = Debug|Any CPU
		{A9B7D121-19FA-406F-8391-BBF741D047CF}.Release|Any CPU.ActiveCfg = Release|Any CPU
		{A9B7D121-19FA-406F-8391-BBF741D047CF}.Release|Any CPU.Build.0 = Release|Any CPU
		{9FC7541B-DA0D-407A-9F9C-3D367DE53CBA}.Debug|Any CPU.ActiveCfg = Debug|Any CPU
		{9FC7541B-DA0D-407A-9F9C-3D367DE53CBA}.Debug|Any CPU.Build.0 = Debug|Any CPU
		{9FC7541B-DA0D-407A-9F9C-3D367DE53CBA}.Release|Any CPU.ActiveCfg = Release|Any CPU
		{9FC7541B-DA0D-407A-9F9C-3D367DE53CBA}.Release|Any CPU.Build.0 = Release|Any CPU
	EndGlobalSection
	GlobalSection(SolutionProperties) = preSolution
		HideSolutionNode = FALSE
	EndGlobalSection
	GlobalSection(ExtensibilityGlobals) = postSolution
		SolutionGuid = {727C58E3-5589-4D9A-816D-437783DA45EE}
	EndGlobalSection
EndGlobal
